
Microsoft Visual Studio Solution File, Format Version 12.00
Project("{FAE04EC0-301F-11D3-BF4B-00C04F79EFBC}") = "TheParkingMate", "TheParkingMate\TheParkingMate.csproj", "{A407E7C5-E8C4-42D0-8B21-259C586738D1}"
EndProject
Project("{FAE04EC0-301F-11D3-BF4B-00C04F79EFBC}") = "TheParkingMate.Tests", "TheParkingMate.Tests\TheParkingMate.Tests.csproj", "{4CF2742B-2A9E-4018-BF85-260BA0E956BF}"
EndProject
Global
	GlobalSection(SolutionConfigurationPlatforms) = preSolution
		Debug|Any CPU = Debug|Any CPU
		Release|Any CPU = Release|Any CPU
	EndGlobalSection
	GlobalSection(ProjectConfigurationPlatforms) = postSolution
		{A407E7C5-E8C4-42D0-8B21-259C586738D1}.Debug|Any CPU.ActiveCfg = Debug|Any CPU
		{A407E7C5-E8C4-42D0-8B21-259C586738D1}.Debug|Any CPU.Build.0 = Debug|Any CPU
		{A407E7C5-E8C4-42D0-8B21-259C586738D1}.Release|Any CPU.ActiveCfg = Release|Any CPU
		{A407E7C5-E8C4-42D0-8B21-259C586738D1}.Release|Any CPU.Build.0 = Release|Any CPU
		{4CF2742B-2A9E-4018-BF85-260BA0E956BF}.Debug|Any CPU.ActiveCfg = Debug|Any CPU
		{4CF2742B-2A9E-4018-BF85-260BA0E956BF}.Debug|Any CPU.Build.0 = Debug|Any CPU
		{4CF2742B-2A9E-4018-BF85-260BA0E956BF}.Release|Any CPU.ActiveCfg = Release|Any CPU
		{4CF2742B-2A9E-4018-BF85-260BA0E956BF}.Release|Any CPU.Build.0 = Release|Any CPU
	EndGlobalSection
EndGlobal
